
Microsoft Visual Studio Solution File, Format Version 12.00
# Visual Studio Version 17
VisualStudioVersion = 17.0.31903.59
MinimumVisualStudioVersion = 10.0.40219.1
Project("{FAE04EC0-301F-11D3-BF4B-00C04F79EFBC}") = "Bank.WebApi", "Bank.WebApi\Bank.WebApi.csproj", "{74372F02-9251-410B-9414-0F8B576D96EA}"
EndProject
Project("{FAE04EC0-301F-11D3-BF4B-00C04F79EFBC}") = "Bank.WebApi.Tests", "Bank.WebApi.Tests\Bank.WebApi.Tests.csproj", "{DC8B737B-5E56-44B2-ACEA-A6FD2570FF77}"
EndProject
Global
	GlobalSection(SolutionConfigurationPlatforms) = preSolution
		Debug|Any CPU = Debug|Any CPU
		Release|Any CPU = Release|Any CPU
	EndGlobalSection
	GlobalSection(SolutionProperties) = preSolution
		HideSolutionNode = FALSE
	EndGlobalSection
	GlobalSection(ProjectConfigurationPlatforms) = postSolution
		{74372F02-9251-410B-9414-0F8B576D96EA}.Debug|Any CPU.ActiveCfg = Debug|Any CPU
		{74372F02-9251-410B-9414-0F8B576D96EA}.Debug|Any CPU.Build.0 = Debug|Any CPU
		{74372F02-9251-410B-9414-0F8B576D96EA}.Release|Any CPU.ActiveCfg = Release|Any CPU
		{74372F02-9251-410B-9414-0F8B576D96EA}.Release|Any CPU.Build.0 = Release|Any CPU
		{DC8B737B-5E56-44B2-ACEA-A6FD2570FF77}.Debug|Any CPU.ActiveCfg = Debug|Any CPU
		{DC8B737B-5E56-44B2-ACEA-A6FD2570FF77}.Debug|Any CPU.Build.0 = Debug|Any CPU
		{DC8B737B-5E56-44B2-ACEA-A6FD2570FF77}.Release|Any CPU.ActiveCfg = Release|Any CPU
		{DC8B737B-5E56-44B2-ACEA-A6FD2570FF77}.Release|Any CPU.Build.0 = Release|Any CPU
	EndGlobalSection
EndGlobal
